
Microsoft Visual Studio Solution File, Format Version 12.00
# Visual Studio Version 16
VisualStudioVersion = 16.0.30907.101
MinimumVisualStudioVersion = 10.0.40219.1
Project("{FAE04EC0-301F-11D3-BF4B-00C04F79EFBC}") = "PersonalHelper.Android", "PersonalHelper\PersonalHelper.Android\PersonalHelper.Android.csproj", "{B5F86AA7-EB57-411D-92B0-97CA4B25E337}"
EndProject
Project("{FAE04EC0-301F-11D3-BF4B-00C04F79EFBC}") = "PersonalHelper.iOS", "PersonalHelper\PersonalHelper.iOS\PersonalHelper.iOS.csproj", "{9073C8FB-EE88-4752-B681-FBB650290AB8}"
EndProject
Project("{FAE04EC0-301F-11D3-BF4B-00C04F79EFBC}") = "PersonalHelper", "PersonalHelper\PersonalHelper\PersonalHelper.csproj", "{12244FD9-3D79-4A7B-A45C-B4593453C2A8}"
EndProject
Project("{FAE04EC0-301F-11D3-BF4B-00C04F79EFBC}") = "PertsonalHelper.Api", "PertsonalHelper.Api\PertsonalHelper.Api.csproj", "{4E1EC618-C54D-43D6-9179-43BC639CC3D5}"
EndProject
Global
	GlobalSection(SolutionConfigurationPlatforms) = preSolution
		Debug|Any CPU = Debug|Any CPU
		Debug|iPhone = Debug|iPhone
		Debug|iPhoneSimulator = Debug|iPhoneSimulator
		Release|Any CPU = Release|Any CPU
		Release|iPhone = Release|iPhone
		Release|iPhoneSimulator = Release|iPhoneSimulator
	EndGlobalSection
	GlobalSection(ProjectConfigurationPlatforms) = postSolution
		{B5F86AA7-EB57-411D-92B0-97CA4B25E337}.Debug|Any CPU.ActiveCfg = Debug|Any CPU
		{B5F86AA7-EB57-411D-92B0-97CA4B25E337}.Debug|Any CPU.Build.0 = Debug|Any CPU
		{B5F86AA7-EB57-411D-92B0-97CA4B25E337}.Debug|Any CPU.Deploy.0 = Debug|Any CPU
		{B5F86AA7-EB57-411D-92B0-97CA4B25E337}.Debug|iPhone.ActiveCfg = Debug|Any CPU
		{B5F86AA7-EB57-411D-92B0-97CA4B25E337}.Debug|iPhone.Build.0 = Debug|Any CPU
		{B5F86AA7-EB57-411D-92B0-97CA4B25E337}.Debug|iPhone.Deploy.0 = Debug|Any CPU
		{B5F86AA7-EB57-411D-92B0-97CA4B25E337}.Debug|iPhoneSimulator.ActiveCfg = Debug|Any CPU
		{B5F86AA7-EB57-411D-92B0-97CA4B25E337}.Debug|iPhoneSimulator.Build.0 = Debug|Any CPU
		{B5F86AA7-EB57-411D-92B0-97CA4B25E337}.Debug|iPhoneSimulator.Deploy.0 = Debug|Any CPU
		{B5F86AA7-EB57-411D-92B0-97CA4B25E337}.Release|Any CPU.ActiveCfg = Release|Any CPU
		{B5F86AA7-EB57-411D-92B0-97CA4B25E337}.Release|Any CPU.Build.0 = Release|Any CPU
		{B5F86AA7-EB57-411D-92B0-97CA4B25E337}.Release|Any CPU.Deploy.0 = Release|Any CPU
		{B5F86AA7-EB57-411D-92B0-97CA4B25E337}.Release|iPhone.ActiveCfg = Release|Any CPU
		{B5F86AA7-EB57-411D-92B0-97CA4B25E337}.Release|iPhone.Build.0 = Release|Any CPU
		{B5F86AA7-EB57-411D-92B0-97CA4B25E337}.Release|iPhone.Deploy.0 = Release|Any CPU
		{B5F86AA7-EB57-411D-92B0-97CA4B25E337}.Release|iPhoneSimulator.ActiveCfg = Release|Any CPU
		{B5F86AA7-EB57-411D-92B0-97CA4B25E337}.Release|iPhoneSimulator.Build.0 = Release|Any CPU
		{B5F86AA7-EB57-411D-92B0-97CA4B25E337}.Release|iPhoneSimulator.Deploy.0 = Release|Any CPU
		{9073C8FB-EE88-4752-B681-FBB650290AB8}.Debug|Any CPU.ActiveCfg = Debug|iPhone
		{9073C8FB-EE88-4752-B681-FBB650290AB8}.Debug|Any CPU.Build.0 = Debug|iPhone
		{9073C8FB-EE88-4752-B681-FBB650290AB8}.Debug|Any CPU.Deploy.0 = Debug|iPhone
		{9073C8FB-EE88-4752-B681-FBB650290AB8}.Debug|iPhone.ActiveCfg = Debug|iPhone
		{9073C8FB-EE88-4752-B681-FBB650290AB8}.Debug|iPhone.Build.0 = Debug|iPhone
		{9073C8FB-EE88-4752-B681-FBB650290AB8}.Debug|iPhone.Deploy.0 = Debug|iPhone
		{9073C8FB-EE88-4752-B681-FBB650290AB8}.Debug|iPhoneSimulator.ActiveCfg = Debug|iPhoneSimulator
		{9073C8FB-EE88-4752-B681-FBB650290AB8}.Debug|iPhoneSimulator.Build.0 = Debug|iPhoneSimulator
		{9073C8FB-EE88-4752-B681-FBB650290AB8}.Debug|iPhoneSimulator.Deploy.0 = Debug|iPhoneSimulator
		{9073C8FB-EE88-4752-B681-FBB650290AB8}.Release|Any CPU.ActiveCfg = Release|iPhoneSimulator
		{9073C8FB-EE88-4752-B681-FBB650290AB8}.Release|Any CPU.Build.0 = Release|iPhoneSimulator
		{9073C8FB-EE88-4752-B681-FBB650290AB8}.Release|Any CPU.Deploy.0 = Release|iPhoneSimulator
		{9073C8FB-EE88-4752-B681-FBB650290AB8}.Release|iPhone.ActiveCfg = Release|iPhone
		{9073C8FB-EE88-4752-B681-FBB650290AB8}.Release|iPhone.Build.0 = Release|iPhone
		{9073C8FB-EE88-4752-B681-FBB650290AB8}.Release|iPhone.Deploy.0 = Release|iPhone
		{9073C8FB-EE88-4752-B681-FBB650290AB8}.Release|iPhoneSimulator.ActiveCfg = Release|iPhoneSimulator
		{9073C8FB-EE88-4752-B681-FBB650290AB8}.Release|iPhoneSimulator.Build.0 = Release|iPhoneSimulator
		{9073C8FB-EE88-4752-B681-FBB650290AB8}.Release|iPhoneSimulator.Deploy.0 = Release|iPhoneSimulator
		{12244FD9-3D79-4A7B-A45C-B4593453C2A8}.Debug|Any CPU.ActiveCfg = Debug|Any CPU
		{12244FD9-3D79-4A7B-A45C-B4593453C2A8}.Debug|Any CPU.Build.0 = Debug|Any CPU
		{12244FD9-3D79-4A7B-A45C-B4593453C2A8}.Debug|Any CPU.Deploy.0 = Debug|Any CPU
		{12244FD9-3D79-4A7B-A45C-B4593453C2A8}.Debug|iPhone.ActiveCfg = Debug|Any CPU
		{12244FD9-3D79-4A7B-A45C-B4593453C2A8}.Debug|iPhone.Build.0 = Debug|Any CPU
		{12244FD9-3D79-4A7B-A45C-B4593453C2A8}.Debug|iPhone.Deploy.0 = Debug|Any CPU
		{12244FD9-3D79-4A7B-A45C-B4593453C2A8}.Debug|iPhoneSimulator.ActiveCfg = Debug|Any CPU
		{12244FD9-3D79-4A7B-A45C-B4593453C2A8}.Debug|iPhoneSimulator.Build.0 = Debug|Any CPU
		{12244FD9-3D79-4A7B-A45C-B4593453C2A8}.Debug|iPhoneSimulator.Deploy.0 = Debug|Any CPU
		{12244FD9-3D79-4A7B-A45C-B4593453C2A8}.Release|Any CPU.ActiveCfg = Release|Any CPU
		{12244FD9-3D79-4A7B-A45C-B4593453C2A8}.Release|Any CPU.Build.0 = Release|Any CPU
		{12244FD9-3D79-4A7B-A45C-B4593453C2A8}.Release|Any CPU.Deploy.0 = Release|Any CPU
		{12244FD9-3D79-4A7B-A45C-B4593453C2A8}.Release|iPhone.ActiveCfg = Release|Any CPU
		{12244FD9-3D79-4A7B-A45C-B4593453C2A8}.Release|iPhone.Build.0 = Release|Any CPU
		{12244FD9-3D79-4A7B-A45C-B4593453C2A8}.Release|iPhone.Deploy.0 = Release|Any CPU
		{12244FD9-3D79-4A7B-A45C-B4593453C2A8}.Release|iPhoneSimulator.ActiveCfg = Release|Any CPU
		{12244FD9-3D79-4A7B-A45C-B4593453C2A8}.Release|iPhoneSimulator.Build.0 = Release|Any CPU
		{12244FD9-3D79-4A7B-A45C-B4593453C2A8}.Release|iPhoneSimulator.Deploy.0 = Release|Any CPU
		{4E1EC618-C54D-43D6-9179-43BC639CC3D5}.Debug|Any CPU.ActiveCfg = Debug|Any CPU
		{4E1EC618-C54D-43D6-9179-43BC639CC3D5}.Debug|Any CPU.Build.0 = Debug|Any CPU
		{4E1EC618-C54D-43D6-9179-43BC639CC3D5}.Debug|iPhone.ActiveCfg = Debug|Any CPU
		{4E1EC618-C54D-43D6-9179-43BC639CC3D5}.Debug|iPhone.Build.0 = Debug|Any CPU
		{4E1EC618-C54D-43D6-9179-43BC639CC3D5}.Debug|iPhoneSimulator.ActiveCfg = Debug|Any CPU
		{4E1EC618-C54D-43D6-9179-43BC639CC3D5}.Debug|iPhoneSimulator.Build.0 = Debug|Any CPU
		{4E1EC618-C54D-43D6-9179-43BC639CC3D5}.Release|Any CPU.ActiveCfg = Release|Any CPU
		{4E1EC618-C54D-43D6-9179-43BC639CC3D5}.Release|Any CPU.Build.0 = Release|Any CPU
		{4E1EC618-C54D-43D6-9179-43BC639CC3D5}.Release|iPhone.ActiveCfg = Release|Any CPU
		{4E1EC618-C54D-43D6-9179-43BC639CC3D5}.Release|iPhone.Build.0 = Release|Any CPU
		{4E1EC618-C54D-43D6-9179-43BC639CC3D5}.Release|iPhoneSimulator.ActiveCfg = Release|Any CPU
		{4E1EC618-C54D-43D6-9179-43BC639CC3D5}.Release|iPhoneSimulator.Build.0 = Release|Any CPU
	EndGlobalSection
	GlobalSection(SolutionProperties) = preSolution
		HideSolutionNode = FALSE
	EndGlobalSection
	GlobalSection(ExtensibilityGlobals) = postSolution
		SolutionGuid = {CE63C179-694C-447D-B520-DD6882AC7420}
	EndGlobalSection
EndGlobal
